
Microsoft Visual Studio Solution File, Format Version 12.00
# Visual Studio Version 17
VisualStudioVersion = 17.2.34408.132
MinimumVisualStudioVersion = 10.0.40219.1
Project("{FAE04EC0-301F-11D3-BF4B-00C04F79EFBC}") = "ValidWeb", "ValidWeb\ValidWeb.csproj", "{C3737FEE-71BA-456B-8637-9AFD1CF06C4E}"
EndProject
Global
	GlobalSection(SolutionConfigurationPlatforms) = preSolution
		Debug|Any CPU = Debug|Any CPU
		Release|Any CPU = Release|Any CPU
	EndGlobalSection
	GlobalSection(ProjectConfigurationPlatforms) = postSolution
		{C3737FEE-71BA-456B-8637-9AFD1CF06C4E}.Debug|Any CPU.ActiveCfg = Debug|Any CPU
		{C3737FEE-71BA-456B-8637-9AFD1CF06C4E}.Debug|Any CPU.Build.0 = Debug|Any CPU
		{C3737FEE-71BA-456B-8637-9AFD1CF06C4E}.Release|Any CPU.ActiveCfg = Release|Any CPU
		{C3737FEE-71BA-456B-8637-9AFD1CF06C4E}.Release|Any CPU.Build.0 = Release|Any CPU
	EndGlobalSection
	GlobalSection(SolutionProperties) = preSolution
		HideSolutionNode = FALSE
	EndGlobalSection
	GlobalSection(ExtensibilityGlobals) = postSolution
		SolutionGuid = {89AAAE5F-B67E-4449-8A4A-36971566C187}
	EndGlobalSection
EndGlobal
