
Microsoft Visual Studio Solution File, Format Version 12.00
# Visual Studio Version 17
VisualStudioVersion = 17.8.34525.116
MinimumVisualStudioVersion = 10.0.40219.1
Project("{FAE04EC0-301F-11D3-BF4B-00C04F79EFBC}") = "PirmasWeb", "PirmasWeb\PirmasWeb.csproj", "{75664F9E-10F6-4A3E-B392-660C6C01EABE}"
EndProject
Global
	GlobalSection(SolutionConfigurationPlatforms) = preSolution
		Debug|Any CPU = Debug|Any CPU
		Release|Any CPU = Release|Any CPU
	EndGlobalSection
	GlobalSection(ProjectConfigurationPlatforms) = postSolution
		{75664F9E-10F6-4A3E-B392-660C6C01EABE}.Debug|Any CPU.ActiveCfg = Debug|Any CPU
		{75664F9E-10F6-4A3E-B392-660C6C01EABE}.Debug|Any CPU.Build.0 = Debug|Any CPU
		{75664F9E-10F6-4A3E-B392-660C6C01EABE}.Release|Any CPU.ActiveCfg = Release|Any CPU
		{75664F9E-10F6-4A3E-B392-660C6C01EABE}.Release|Any CPU.Build.0 = Release|Any CPU
	EndGlobalSection
	GlobalSection(SolutionProperties) = preSolution
		HideSolutionNode = FALSE
	EndGlobalSection
	GlobalSection(ExtensibilityGlobals) = postSolution
		SolutionGuid = {59C15FD4-F44D-483E-B00E-38538FE80DA2}
	EndGlobalSection
EndGlobal
